
Microsoft Visual Studio Solution File, Format Version 12.00
# Visual Studio Version 16
VisualStudioVersion = 16.0.30104.148
MinimumVisualStudioVersion = 10.0.40219.1
Project("{FAE04EC0-301F-11D3-BF4B-00C04F79EFBC}") = "Warehouse", "Warehouse\Warehouse.csproj", "{69F7D233-E5E3-4D5B-B629-09863FD14119}"
EndProject
Global
	GlobalSection(SolutionConfigurationPlatforms) = preSolution
		Debug|Any CPU = Debug|Any CPU
		Release|Any CPU = Release|Any CPU
	EndGlobalSection
	GlobalSection(ProjectConfigurationPlatforms) = postSolution
		{69F7D233-E5E3-4D5B-B629-09863FD14119}.Debug|Any CPU.ActiveCfg = Debug|Any CPU
		{69F7D233-E5E3-4D5B-B629-09863FD14119}.Debug|Any CPU.Build.0 = Debug|Any CPU
		{69F7D233-E5E3-4D5B-B629-09863FD14119}.Release|Any CPU.ActiveCfg = Release|Any CPU
		{69F7D233-E5E3-4D5B-B629-09863FD14119}.Release|Any CPU.Build.0 = Release|Any CPU
	EndGlobalSection
	GlobalSection(SolutionProperties) = preSolution
		HideSolutionNode = FALSE
	EndGlobalSection
	GlobalSection(ExtensibilityGlobals) = postSolution
		SolutionGuid = {D7ABFCEF-D34C-4EC7-B069-1BC4DEB44E54}
	EndGlobalSection
EndGlobal
